
Microsoft Visual Studio Solution File, Format Version 12.00
# Visual Studio Version 16
VisualStudioVersion = 16.0.30114.105
MinimumVisualStudioVersion = 10.0.40219.1
Project("{9A19103F-16F7-4668-BE54-9A1E7A4F7556}") = "Conway.Engine.Tests", "Conway.Engine.Tests\Conway.Engine.Tests.csproj", "{B0494C35-E3B7-48F3-8335-EC139C305988}"
EndProject
Project("{FAE04EC0-301F-11D3-BF4B-00C04F79EFBC}") = "Conway.Engine", "Conway.Engine\Conway.Engine.csproj", "{D6A5FB21-8A51-4EDE-88C3-C6AEF01DA9D7}"
EndProject
Project("{2150E333-8FDC-42A3-9474-1A3956D46DE8}") = "Tests", "Tests", "{74408D64-F225-4AF0-A02A-B35D7D9CE4DF}"
EndProject
Project("{FAE04EC0-301F-11D3-BF4B-00C04F79EFBC}") = "Conway.UI", "Conway.UI\Conway.UI.csproj", "{FD971527-63FA-4A10-825D-5D1CDE82A611}"
EndProject
Global
	GlobalSection(SolutionConfigurationPlatforms) = preSolution
		Debug|Any CPU = Debug|Any CPU
		Release|Any CPU = Release|Any CPU
	EndGlobalSection
	GlobalSection(ProjectConfigurationPlatforms) = postSolution
		{B0494C35-E3B7-48F3-8335-EC139C305988}.Debug|Any CPU.ActiveCfg = Debug|Any CPU
		{B0494C35-E3B7-48F3-8335-EC139C305988}.Debug|Any CPU.Build.0 = Debug|Any CPU
		{B0494C35-E3B7-48F3-8335-EC139C305988}.Release|Any CPU.ActiveCfg = Release|Any CPU
		{B0494C35-E3B7-48F3-8335-EC139C305988}.Release|Any CPU.Build.0 = Release|Any CPU
		{D6A5FB21-8A51-4EDE-88C3-C6AEF01DA9D7}.Debug|Any CPU.ActiveCfg = Debug|Any CPU
		{D6A5FB21-8A51-4EDE-88C3-C6AEF01DA9D7}.Debug|Any CPU.Build.0 = Debug|Any CPU
		{D6A5FB21-8A51-4EDE-88C3-C6AEF01DA9D7}.Release|Any CPU.ActiveCfg = Release|Any CPU
		{D6A5FB21-8A51-4EDE-88C3-C6AEF01DA9D7}.Release|Any CPU.Build.0 = Release|Any CPU
		{FD971527-63FA-4A10-825D-5D1CDE82A611}.Debug|Any CPU.ActiveCfg = Debug|Any CPU
		{FD971527-63FA-4A10-825D-5D1CDE82A611}.Debug|Any CPU.Build.0 = Debug|Any CPU
		{FD971527-63FA-4A10-825D-5D1CDE82A611}.Release|Any CPU.ActiveCfg = Release|Any CPU
		{FD971527-63FA-4A10-825D-5D1CDE82A611}.Release|Any CPU.Build.0 = Release|Any CPU
	EndGlobalSection
	GlobalSection(SolutionProperties) = preSolution
		HideSolutionNode = FALSE
	EndGlobalSection
	GlobalSection(NestedProjects) = preSolution
		{B0494C35-E3B7-48F3-8335-EC139C305988} = {74408D64-F225-4AF0-A02A-B35D7D9CE4DF}
	EndGlobalSection
	GlobalSection(ExtensibilityGlobals) = postSolution
		SolutionGuid = {E01FF200-2971-4284-B61A-F6B67E2CD616}
	EndGlobalSection
EndGlobal
